
Microsoft Visual Studio Solution File, Format Version 12.00
# Visual Studio Version 16
VisualStudioVersion = 16.0.30611.23
MinimumVisualStudioVersion = 10.0.40219.1
Project("{FAE04EC0-301F-11D3-BF4B-00C04F79EFBC}") = "WindowsFormsOrszagok", "WindowsFormsOrszagok\WindowsFormsOrszagok.csproj", "{ECB83390-4B19-4E99-BBE8-4A47815BEFA1}"
EndProject
Global
	GlobalSection(SolutionConfigurationPlatforms) = preSolution
		Debug|Any CPU = Debug|Any CPU
		Release|Any CPU = Release|Any CPU
	EndGlobalSection
	GlobalSection(ProjectConfigurationPlatforms) = postSolution
		{ECB83390-4B19-4E99-BBE8-4A47815BEFA1}.Debug|Any CPU.ActiveCfg = Debug|Any CPU
		{ECB83390-4B19-4E99-BBE8-4A47815BEFA1}.Debug|Any CPU.Build.0 = Debug|Any CPU
		{ECB83390-4B19-4E99-BBE8-4A47815BEFA1}.Release|Any CPU.ActiveCfg = Release|Any CPU
		{ECB83390-4B19-4E99-BBE8-4A47815BEFA1}.Release|Any CPU.Build.0 = Release|Any CPU
	EndGlobalSection
	GlobalSection(SolutionProperties) = preSolution
		HideSolutionNode = FALSE
	EndGlobalSection
	GlobalSection(ExtensibilityGlobals) = postSolution
		SolutionGuid = {7FAE6DFE-56EE-4F49-B28C-34FB44CBB93F}
	EndGlobalSection
EndGlobal
